
Microsoft Visual Studio Solution File, Format Version 12.00
# Visual Studio Version 17
VisualStudioVersion = 17.8.34511.84
MinimumVisualStudioVersion = 10.0.40219.1
Project("{8BC9CEB8-8B4A-11D0-8D11-00A0C91BC942}") = "DoubleLinkedList", "DoubleLinkedList\DoubleLinkedList.vcxproj", "{7F241B03-471A-4CA5-858B-A3794C0F9412}"
EndProject
Project("{8BC9CEB8-8B4A-11D0-8D11-00A0C91BC942}") = "DoubleLinkedListTests", "DoubleLinkedListTests\DoubleLinkedListTests.vcxproj", "{B51009B3-79C5-42D8-A72A-17A4100D6558}"
EndProject
Project("{8BC9CEB8-8B4A-11D0-8D11-00A0C91BC942}") = "ObjectPoolTest", "ObjectPoolTest\ObjectPoolTest.vcxproj", "{B759817E-F0FA-4FB6-B795-BE8F6ACD22F6}"
EndProject
Global
	GlobalSection(SolutionConfigurationPlatforms) = preSolution
		Debug|x64 = Debug|x64
		Debug|x86 = Debug|x86
		Release|x64 = Release|x64
		Release|x86 = Release|x86
	EndGlobalSection
	GlobalSection(ProjectConfigurationPlatforms) = postSolution
		{7F241B03-471A-4CA5-858B-A3794C0F9412}.Debug|x64.ActiveCfg = Debug|x64
		{7F241B03-471A-4CA5-858B-A3794C0F9412}.Debug|x64.Build.0 = Debug|x64
		{7F241B03-471A-4CA5-858B-A3794C0F9412}.Debug|x86.ActiveCfg = Debug|Win32
		{7F241B03-471A-4CA5-858B-A3794C0F9412}.Debug|x86.Build.0 = Debug|Win32
		{7F241B03-471A-4CA5-858B-A3794C0F9412}.Release|x64.ActiveCfg = Release|x64
		{7F241B03-471A-4CA5-858B-A3794C0F9412}.Release|x64.Build.0 = Release|x64
		{7F241B03-471A-4CA5-858B-A3794C0F9412}.Release|x86.ActiveCfg = Release|Win32
		{7F241B03-471A-4CA5-858B-A3794C0F9412}.Release|x86.Build.0 = Release|Win32
		{B51009B3-79C5-42D8-A72A-17A4100D6558}.Debug|x64.ActiveCfg = Debug|x64
		{B51009B3-79C5-42D8-A72A-17A4100D6558}.Debug|x64.Build.0 = Debug|x64
		{B51009B3-79C5-42D8-A72A-17A4100D6558}.Debug|x86.ActiveCfg = Debug|Win32
		{B51009B3-79C5-42D8-A72A-17A4100D6558}.Debug|x86.Build.0 = Debug|Win32
		{B51009B3-79C5-42D8-A72A-17A4100D6558}.Release|x64.ActiveCfg = Release|x64
		{B51009B3-79C5-42D8-A72A-17A4100D6558}.Release|x64.Build.0 = Release|x64
		{B51009B3-79C5-42D8-A72A-17A4100D6558}.Release|x86.ActiveCfg = Release|Win32
		{B51009B3-79C5-42D8-A72A-17A4100D6558}.Release|x86.Build.0 = Release|Win32
		{B759817E-F0FA-4FB6-B795-BE8F6ACD22F6}.Debug|x64.ActiveCfg = Debug|x64
		{B759817E-F0FA-4FB6-B795-BE8F6ACD22F6}.Debug|x64.Build.0 = Debug|x64
		{B759817E-F0FA-4FB6-B795-BE8F6ACD22F6}.Debug|x86.ActiveCfg = Debug|Win32
		{B759817E-F0FA-4FB6-B795-BE8F6ACD22F6}.Debug|x86.Build.0 = Debug|Win32
		{B759817E-F0FA-4FB6-B795-BE8F6ACD22F6}.Release|x64.ActiveCfg = Release|x64
		{B759817E-F0FA-4FB6-B795-BE8F6ACD22F6}.Release|x64.Build.0 = Release|x64
		{B759817E-F0FA-4FB6-B795-BE8F6ACD22F6}.Release|x86.ActiveCfg = Release|Win32
		{B759817E-F0FA-4FB6-B795-BE8F6ACD22F6}.Release|x86.Build.0 = Release|Win32
	EndGlobalSection
	GlobalSection(SolutionProperties) = preSolution
		HideSolutionNode = FALSE
	EndGlobalSection
	GlobalSection(ExtensibilityGlobals) = postSolution
		SolutionGuid = {7F6A5EAD-6F9C-4A87-8412-BE832B660CAC}
	EndGlobalSection
EndGlobal
